{
  "version": 1,
  "dependencies": {
    "net9.0-windows7.0": {
      "DalamudPackager": {
        "type": "Direct",
        "requested": "[13.1.0, )",
        "resolved": "13.1.0",
        "contentHash": "XdoNhJGyFby5M/sdcRhnc5xTop9PHy+H50PTWpzLhJugjB19EDBiHD/AsiDF66RETM+0qKUdJBZrNuebn7qswQ=="
      },
      "ECommons": {
        "type": "Direct",
        "requested": "[3.0.1.22, )",
        "resolved": "3.0.1.22",
        "contentHash": "MT7fdS3XN0lDEPbCl9BQDS59XPDYDJd9XA6YACxMc0RAXFnDblOCU7WGtXBOkAQ4FLnZTAruwpQcnBJA2Pv31Q=="
      }
    }
  }
}