{
  "version": 1,
  "dependencies": {
    "net9.0-windows7.0": {
      "DalamudPackager": {
        "type": "Direct",
        "requested": "[13.0.0, )",
        "resolved": "13.0.0",
        "contentHash": "Mb3cUDSK/vDPQ8gQIeuCw03EMYrej1B4J44a1AvIJ9C759p9XeqdU9Hg4WgOmlnlPe0G7ILTD32PKSUpkQNa8w=="
      },
      "ECommons": {
        "type": "Direct",
        "requested": "[3.0.0.17-api13, )",
        "resolved": "3.0.0.17-api13",
        "contentHash": "r7MblEmo2zOksX2qiapL7eFhGYnXZOvu4QOb6zd8LHApjde3c+iF/JVowqUWxaAz4yS+M/bvrppsfJNIdRLm2A=="
      },
      "PInvoke.Kernel32": {
        "type": "Direct",
        "requested": "[0.7.124, )",
        "resolved": "0.7.124",
        "contentHash": "3yQudp7J20HH8oW2WsGdNlcRCJAG6Slens3n4P7c6m53m0SkXLyD5ry/bXYAFXYeIym9b0LIOvrmKjmzptmkWw==",
        "dependencies": {
          "PInvoke.Windows.Core": "0.7.124",
          "System.Threading.Tasks.Extensions": "4.5.4"
        }
      },
      "PInvoke.User32": {
        "type": "Direct",
        "requested": "[0.7.124, )",
        "resolved": "0.7.124",
        "contentHash": "Xgrt/IFJWZhLT0S0MdP4ZU48gqgKVs+O+WmXb9Qge1T+me3oR5fhOl812qvLm2+D6DoHPxbUWTIc8MrH5i78Vw==",
        "dependencies": {
          "PInvoke.Kernel32": "0.7.124",
          "PInvoke.Windows.Core": "0.7.124",
          "PInvoke.Windows.ShellScalingApi": "0.7.124",
          "Validation": "2.4.15"
        }
      },
      "PInvoke.Windows.Core": {
        "type": "Direct",
        "requested": "[0.7.124, )",
        "resolved": "0.7.124",
        "contentHash": "er/PkwUBie3nXlwiKOfOxmdAj6ae8eFCLUgI5g6+9RAbyMoXMQnwAPx1atq0ZxU2LeozBdWtMQjogqcMNJhg1w==",
        "dependencies": {
          "System.Memory": "4.5.4"
        }
      },
      "PInvoke.Windows.ShellScalingApi": {
        "type": "Transitive",
        "resolved": "0.7.124",
        "contentHash": "mVKSSuvBcJUwWvfGAfJK05AXH0QEbiDdxYqN4wjCZBeXv4ewM2/N6U2wt5uCac8RFIvsd9MAsIdTnjMLqdkNZg==",
        "dependencies": {
          "PInvoke.Windows.Core": "0.7.124"
        }
      },
      "System.Memory": {
        "type": "Transitive",
        "resolved": "4.5.4",
        "contentHash": "1MbJTHS1lZ4bS4FmsJjnuGJOu88ZzTT2rLvrhW7Ygic+pC0NWA+3hgAen0HRdsocuQXCkUTdFn9yHJJhsijDXw=="
      },
      "System.Threading.Tasks.Extensions": {
        "type": "Transitive",
        "resolved": "4.5.4",
        "contentHash": "zteT+G8xuGu6mS+mzDzYXbzS7rd3K6Fjb9RiZlYlJPam2/hU7JCBZBVEcywNuR+oZ1ncTvc/cq0faRr3P01OVg=="
      },
      "ECommons": {
        "type": "Direct",
        "requested": "[3.0.1.3, )",
        "resolved": "3.0.1.3",
        "contentHash": "EmI3VUDSR8BOPFTCiEm0s/N3iSHg3u9iolyOys/lsJF0b3OtI3NvqxLLbrSlACOrtSSohOVVf7FnXupKKNLN/Q=="
      }
    }
  }
}